
Microsoft Visual Studio Solution File, Format Version 12.00
# Visual Studio Version 16
VisualStudioVersion = 16.0.31729.503
MinimumVisualStudioVersion = 10.0.40219.1
Project("{9A19103F-16F7-4668-BE54-9A1E7A4F7556}") = "StudyingCSharp", "StudyingCSharp\StudyingCSharp.csproj", "{DC99D36D-D0C3-4693-BEEF-6E6CF3951C86}"
EndProject
Project("{9A19103F-16F7-4668-BE54-9A1E7A4F7556}") = "HomeWork_Lesson_1", "HomeWork_Lesson_1\HomeWork_Lesson_1.csproj", "{2A8FC4E9-C542-4027-843E-C57B1F0C81C6}"
EndProject
Project("{9A19103F-16F7-4668-BE54-9A1E7A4F7556}") = "HomeWork_Lesson_2", "HomeWork_Lesson_2\HomeWork_Lesson_2.csproj", "{124786AC-EC2E-47AF-97C9-A15E129D592E}"
EndProject
Project("{FAE04EC0-301F-11D3-BF4B-00C04F79EFBC}") = "NomeWork_Lesson_3", "NomeWork_Lesson_3\NomeWork_Lesson_3.csproj", "{E57F01D8-35E8-4B7C-BAF2-B042C2E7EC1B}"
EndProject
Global
	GlobalSection(SolutionConfigurationPlatforms) = preSolution
		Debug|Any CPU = Debug|Any CPU
		Release|Any CPU = Release|Any CPU
	EndGlobalSection
	GlobalSection(ProjectConfigurationPlatforms) = postSolution
		{DC99D36D-D0C3-4693-BEEF-6E6CF3951C86}.Debug|Any CPU.ActiveCfg = Debug|Any CPU
		{DC99D36D-D0C3-4693-BEEF-6E6CF3951C86}.Debug|Any CPU.Build.0 = Debug|Any CPU
		{DC99D36D-D0C3-4693-BEEF-6E6CF3951C86}.Release|Any CPU.ActiveCfg = Release|Any CPU
		{DC99D36D-D0C3-4693-BEEF-6E6CF3951C86}.Release|Any CPU.Build.0 = Release|Any CPU
		{2A8FC4E9-C542-4027-843E-C57B1F0C81C6}.Debug|Any CPU.ActiveCfg = Debug|Any CPU
		{2A8FC4E9-C542-4027-843E-C57B1F0C81C6}.Debug|Any CPU.Build.0 = Debug|Any CPU
		{2A8FC4E9-C542-4027-843E-C57B1F0C81C6}.Release|Any CPU.ActiveCfg = Release|Any CPU
		{2A8FC4E9-C542-4027-843E-C57B1F0C81C6}.Release|Any CPU.Build.0 = Release|Any CPU
		{124786AC-EC2E-47AF-97C9-A15E129D592E}.Debug|Any CPU.ActiveCfg = Debug|Any CPU
		{124786AC-EC2E-47AF-97C9-A15E129D592E}.Debug|Any CPU.Build.0 = Debug|Any CPU
		{124786AC-EC2E-47AF-97C9-A15E129D592E}.Release|Any CPU.ActiveCfg = Release|Any CPU
		{124786AC-EC2E-47AF-97C9-A15E129D592E}.Release|Any CPU.Build.0 = Release|Any CPU
		{E57F01D8-35E8-4B7C-BAF2-B042C2E7EC1B}.Debug|Any CPU.ActiveCfg = Debug|Any CPU
		{E57F01D8-35E8-4B7C-BAF2-B042C2E7EC1B}.Debug|Any CPU.Build.0 = Debug|Any CPU
		{E57F01D8-35E8-4B7C-BAF2-B042C2E7EC1B}.Release|Any CPU.ActiveCfg = Release|Any CPU
		{E57F01D8-35E8-4B7C-BAF2-B042C2E7EC1B}.Release|Any CPU.Build.0 = Release|Any CPU
	EndGlobalSection
	GlobalSection(SolutionProperties) = preSolution
		HideSolutionNode = FALSE
	EndGlobalSection
	GlobalSection(ExtensibilityGlobals) = postSolution
		SolutionGuid = {D251A28E-1607-4EEB-9D46-2D095FB4C01D}
	EndGlobalSection
EndGlobal
